
Microsoft Visual Studio Solution File, Format Version 12.00
# Visual Studio Version 17
VisualStudioVersion = 17.7.34202.233
MinimumVisualStudioVersion = 10.0.40219.1
Project("{9A19103F-16F7-4668-BE54-9A1E7A4F7556}") = "Manero", "Manero\Manero.csproj", "{AEC10B46-F0F0-4F6A-BC53-9324503A9494}"
EndProject
Project("{9A19103F-16F7-4668-BE54-9A1E7A4F7556}") = "Manero.Tests", "Manero.Tests\Manero.Tests.csproj", "{479BC689-1F3D-4CBB-87C7-C141F508F0A7}"
EndProject
Global
	GlobalSection(SolutionConfigurationPlatforms) = preSolution
		Debug|Any CPU = Debug|Any CPU
		Release|Any CPU = Release|Any CPU
	EndGlobalSection
	GlobalSection(ProjectConfigurationPlatforms) = postSolution
		{AEC10B46-F0F0-4F6A-BC53-9324503A9494}.Debug|Any CPU.ActiveCfg = Debug|Any CPU
		{AEC10B46-F0F0-4F6A-BC53-9324503A9494}.Debug|Any CPU.Build.0 = Debug|Any CPU
		{AEC10B46-F0F0-4F6A-BC53-9324503A9494}.Release|Any CPU.ActiveCfg = Release|Any CPU
		{AEC10B46-F0F0-4F6A-BC53-9324503A9494}.Release|Any CPU.Build.0 = Release|Any CPU
		{479BC689-1F3D-4CBB-87C7-C141F508F0A7}.Debug|Any CPU.ActiveCfg = Debug|Any CPU
		{479BC689-1F3D-4CBB-87C7-C141F508F0A7}.Debug|Any CPU.Build.0 = Debug|Any CPU
		{479BC689-1F3D-4CBB-87C7-C141F508F0A7}.Release|Any CPU.ActiveCfg = Release|Any CPU
		{479BC689-1F3D-4CBB-87C7-C141F508F0A7}.Release|Any CPU.Build.0 = Release|Any CPU
	EndGlobalSection
	GlobalSection(SolutionProperties) = preSolution
		HideSolutionNode = FALSE
	EndGlobalSection
	GlobalSection(ExtensibilityGlobals) = postSolution
		SolutionGuid = {ABA3A2A1-43D0-41BD-807A-05AC7EF904C4}
	EndGlobalSection
EndGlobal
